Microsoft Visual Studio Solution File, Format Version 12.00
# Visual Studio 2012
Project("{FAE04EC0-301F-11D3-BF4B-00C04F79EFBC}") = "Electrolite", "Electrolite.csproj", "{A592362D-32E1-4C50-997B-D36B00B53DB6}"
EndProject
Global
	GlobalSection(SolutionConfigurationPlatforms) = preSolution
	Debug|Any CPU = Debug|Any CPU
	ExportDebug|Any CPU = ExportDebug|Any CPU
	ExportRelease|Any CPU = ExportRelease|Any CPU
	EndGlobalSection
	GlobalSection(ProjectConfigurationPlatforms) = postSolution
		{A592362D-32E1-4C50-997B-D36B00B53DB6}.Debug|Any CPU.ActiveCfg = Debug|Any CPU
		{A592362D-32E1-4C50-997B-D36B00B53DB6}.Debug|Any CPU.Build.0 = Debug|Any CPU
		{A592362D-32E1-4C50-997B-D36B00B53DB6}.ExportDebug|Any CPU.ActiveCfg = ExportDebug|Any CPU
		{A592362D-32E1-4C50-997B-D36B00B53DB6}.ExportDebug|Any CPU.Build.0 = ExportDebug|Any CPU
		{A592362D-32E1-4C50-997B-D36B00B53DB6}.ExportRelease|Any CPU.ActiveCfg = ExportRelease|Any CPU
		{A592362D-32E1-4C50-997B-D36B00B53DB6}.ExportRelease|Any CPU.Build.0 = ExportRelease|Any CPU
	EndGlobalSection
EndGlobal
